Microsoft Visual Studio Solution File, Format Version 12.00
# Visual Studio Version 16
VisualStudioVersion = 16.0.0.0
MinimumVisualStudioVersion = 16.0.0.0
Project("{9A19103F-16F7-4668-BE54-9A1E7A4F7556}") = "TinyBlazorBlog", "TinyBlazorBlog\TinyBlazorBlog.csproj", "{0B782047-18A8-4D56-9838-0337B5BD5C52}"
EndProject
Project("{9A19103F-16F7-4668-BE54-9A1E7A4F7556}") = "TinyBlazorBlog.Client", "TinyBlazorBlog.Client\TinyBlazorBlog.Client.csproj", "{DDE36C0E-6525-499C-80A1-C10B0FBADCE5}"
EndProject
Global
	GlobalSection(SolutionConfigurationPlatforms) = preSolution
		Debug|Any CPU = Debug|Any CPU
		Debug|x64 = Debug|x64
		Debug|x86 = Debug|x86
		Release|Any CPU = Release|Any CPU
		Release|x64 = Release|x64
		Release|x86 = Release|x86
	EndGlobalSection
	GlobalSection(ProjectConfigurationPlatforms) = postSolution
		{DDE36C0E-6525-499C-80A1-C10B0FBADCE5}.Debug|Any CPU.ActiveCfg = Debug|Any CPU
		{DDE36C0E-6525-499C-80A1-C10B0FBADCE5}.Debug|Any CPU.Build.0 = Debug|Any CPU
		{DDE36C0E-6525-499C-80A1-C10B0FBADCE5}.Debug|x64.ActiveCfg = Debug|Any CPU
		{DDE36C0E-6525-499C-80A1-C10B0FBADCE5}.Debug|x64.Build.0 = Debug|Any CPU
		{DDE36C0E-6525-499C-80A1-C10B0FBADCE5}.Debug|x86.ActiveCfg = Debug|Any CPU
		{DDE36C0E-6525-499C-80A1-C10B0FBADCE5}.Debug|x86.Build.0 = Debug|Any CPU
		{DDE36C0E-6525-499C-80A1-C10B0FBADCE5}.Release|Any CPU.ActiveCfg = Release|Any CPU
		{DDE36C0E-6525-499C-80A1-C10B0FBADCE5}.Release|Any CPU.Build.0 = Release|Any CPU
		{DDE36C0E-6525-499C-80A1-C10B0FBADCE5}.Release|x64.ActiveCfg = Release|Any CPU
		{DDE36C0E-6525-499C-80A1-C10B0FBADCE5}.Release|x64.Build.0 = Release|Any CPU
		{DDE36C0E-6525-499C-80A1-C10B0FBADCE5}.Release|x86.ActiveCfg = Release|Any CPU
		{DDE36C0E-6525-499C-80A1-C10B0FBADCE5}.Release|x86.Build.0 = Release|Any CPU
		{0B782047-18A8-4D56-9838-0337B5BD5C52}.Debug|Any CPU.ActiveCfg = Debug|Any CPU
		{0B782047-18A8-4D56-9838-0337B5BD5C52}.Debug|Any CPU.Build.0 = Debug|Any CPU
		{0B782047-18A8-4D56-9838-0337B5BD5C52}.Debug|x64.ActiveCfg = Debug|Any CPU
		{0B782047-18A8-4D56-9838-0337B5BD5C52}.Debug|x64.Build.0 = Debug|Any CPU
		{0B782047-18A8-4D56-9838-0337B5BD5C52}.Debug|x86.ActiveCfg = Debug|Any CPU
		{0B782047-18A8-4D56-9838-0337B5BD5C52}.Debug|x86.Build.0 = Debug|Any CPU
		{0B782047-18A8-4D56-9838-0337B5BD5C52}.Release|Any CPU.ActiveCfg = Release|Any CPU
		{0B782047-18A8-4D56-9838-0337B5BD5C52}.Release|Any CPU.Build.0 = Release|Any CPU
		{0B782047-18A8-4D56-9838-0337B5BD5C52}.Release|x64.ActiveCfg = Release|Any CPU
		{0B782047-18A8-4D56-9838-0337B5BD5C52}.Release|x64.Build.0 = Release|Any CPU
		{0B782047-18A8-4D56-9838-0337B5BD5C52}.Release|x86.ActiveCfg = Release|Any CPU
		{0B782047-18A8-4D56-9838-0337B5BD5C52}.Release|x86.Build.0 = Release|Any CPU
	EndGlobalSection
	GlobalSection(SolutionProperties) = preSolution
		HideSolutionNode = FALSE
	EndGlobalSection
	GlobalSection(ExtensibilityGlobals) = postSolution
		SolutionGuid = {EFA4EF2E-F90B-43F0-A981-A899A5DCA8DB}
	EndGlobalSection
EndGlobal
